
Microsoft Visual Studio Solution File, Format Version 12.00
# Visual Studio Version 16
VisualStudioVersion = 16.0.30309.148
MinimumVisualStudioVersion = 10.0.40219.1
Project("{FAE04EC0-301F-11D3-BF4B-00C04F79EFBC}") = "AppDapper", "AppDapper\AppDapper.csproj", "{5484E4D8-EA25-4167-B853-DF19A8D59DDA}"
EndProject
Project("{FAE04EC0-301F-11D3-BF4B-00C04F79EFBC}") = "AppDapper.Repository", "AppDapper.Repository\AppDapper.Repository.csproj", "{9FFE3A81-5638-4B83-ABCD-D17B03C123D0}"
EndProject
Project("{FAE04EC0-301F-11D3-BF4B-00C04F79EFBC}") = "AppDapper.Domain", "AppDapper.Domain\AppDapper.Domain.csproj", "{1CF3BCDB-7B2B-4A22-A2F5-BFBC4164B131}"
EndProject
Global
	GlobalSection(SolutionConfigurationPlatforms) = preSolution
		Debug|Any CPU = Debug|Any CPU
		Release|Any CPU = Release|Any CPU
	EndGlobalSection
	GlobalSection(ProjectConfigurationPlatforms) = postSolution
		{5484E4D8-EA25-4167-B853-DF19A8D59DDA}.Debug|Any CPU.ActiveCfg = Debug|Any CPU
		{5484E4D8-EA25-4167-B853-DF19A8D59DDA}.Debug|Any CPU.Build.0 = Debug|Any CPU
		{5484E4D8-EA25-4167-B853-DF19A8D59DDA}.Release|Any CPU.ActiveCfg = Release|Any CPU
		{5484E4D8-EA25-4167-B853-DF19A8D59DDA}.Release|Any CPU.Build.0 = Release|Any CPU
		{9FFE3A81-5638-4B83-ABCD-D17B03C123D0}.Debug|Any CPU.ActiveCfg = Debug|Any CPU
		{9FFE3A81-5638-4B83-ABCD-D17B03C123D0}.Debug|Any CPU.Build.0 = Debug|Any CPU
		{9FFE3A81-5638-4B83-ABCD-D17B03C123D0}.Release|Any CPU.ActiveCfg = Release|Any CPU
		{9FFE3A81-5638-4B83-ABCD-D17B03C123D0}.Release|Any CPU.Build.0 = Release|Any CPU
		{1CF3BCDB-7B2B-4A22-A2F5-BFBC4164B131}.Debug|Any CPU.ActiveCfg = Debug|Any CPU
		{1CF3BCDB-7B2B-4A22-A2F5-BFBC4164B131}.Debug|Any CPU.Build.0 = Debug|Any CPU
		{1CF3BCDB-7B2B-4A22-A2F5-BFBC4164B131}.Release|Any CPU.ActiveCfg = Release|Any CPU
		{1CF3BCDB-7B2B-4A22-A2F5-BFBC4164B131}.Release|Any CPU.Build.0 = Release|Any CPU
	EndGlobalSection
	GlobalSection(SolutionProperties) = preSolution
		HideSolutionNode = FALSE
	EndGlobalSection
	GlobalSection(ExtensibilityGlobals) = postSolution
		SolutionGuid = {798488EC-2116-47C0-8C9D-FCE519D4B78F}
	EndGlobalSection
EndGlobal
